
Microsoft Visual Studio Solution File, Format Version 12.00
# Visual Studio Version 17
VisualStudioVersion = 17.3.32929.385
MinimumVisualStudioVersion = 10.0.40219.1
Project("{9A19103F-16F7-4668-BE54-9A1E7A4F7556}") = "ProcessMonitor", "ProcessMonitor\ProcessMonitor.csproj", "{3EEEF240-2772-42A0-A431-2F6DC2F4A9E0}"
EndProject
Project("{FAE04EC0-301F-11D3-BF4B-00C04F79EFBC}") = "ProcessMonitorTests", "ProcessMonitorTests\ProcessMonitorTests.csproj", "{744BA97E-C6CB-4B4A-88DF-FCDC39EF285B}"
EndProject
Global
	GlobalSection(SolutionConfigurationPlatforms) = preSolution
		Debug|Any CPU = Debug|Any CPU
		Release|Any CPU = Release|Any CPU
	EndGlobalSection
	GlobalSection(ProjectConfigurationPlatforms) = postSolution
		{3EEEF240-2772-42A0-A431-2F6DC2F4A9E0}.Debug|Any CPU.ActiveCfg = Debug|Any CPU
		{3EEEF240-2772-42A0-A431-2F6DC2F4A9E0}.Debug|Any CPU.Build.0 = Debug|Any CPU
		{3EEEF240-2772-42A0-A431-2F6DC2F4A9E0}.Release|Any CPU.ActiveCfg = Release|Any CPU
		{3EEEF240-2772-42A0-A431-2F6DC2F4A9E0}.Release|Any CPU.Build.0 = Release|Any CPU
		{744BA97E-C6CB-4B4A-88DF-FCDC39EF285B}.Debug|Any CPU.ActiveCfg = Debug|Any CPU
		{744BA97E-C6CB-4B4A-88DF-FCDC39EF285B}.Debug|Any CPU.Build.0 = Debug|Any CPU
		{744BA97E-C6CB-4B4A-88DF-FCDC39EF285B}.Release|Any CPU.ActiveCfg = Release|Any CPU
		{744BA97E-C6CB-4B4A-88DF-FCDC39EF285B}.Release|Any CPU.Build.0 = Release|Any CPU
	EndGlobalSection
	GlobalSection(SolutionProperties) = preSolution
		HideSolutionNode = FALSE
	EndGlobalSection
	GlobalSection(ExtensibilityGlobals) = postSolution
		SolutionGuid = {16AF64EF-0EF0-469B-8316-7A5EA8F4204B}
	EndGlobalSection
EndGlobal
